// !$*UTF8*$!
{
	archiveVersion = 1;
	classes = {
	};
	objectVersion = 50;
	objects = {

/* Begin PBXBuildFile section */
		C705F9212AE7D2490090708A /* Landmark.swift in Sources */ = {isa = PBXBuildFile; fileRef = C705F9202AE7D2490090708A /* Landmark.swift */; };
		C70FFA0B2AF1052F0042AD47 /* LandmarkRow.swift in Sources */ = {isa = PBXBuildFile; fileRef = C70FFA0A2AF1052F0042AD47 /* LandmarkRow.swift */; };
		C70FFA0D2AF135370042AD47 /* LandmarksList.swift in Sources */ = {isa = PBXBuildFile; fileRef = C70FFA0C2AF135370042AD47 /* LandmarksList.swift */; };
		C70FFA0F2AF137670042AD47 /* LandmarkDetail.swift in Sources */ = {isa = PBXBuildFile; fileRef = C70FFA0E2AF137670042AD47 /* LandmarkDetail.swift */; };
		C768695A2AE6ACE400BAB980 /* MapView.swift in Sources */ = {isa = PBXBuildFile; fileRef = C76869592AE6ACE400BAB980 /* MapView.swift */; };
		C7B06F702AF067AD0042A632 /* ModelData.swift in Sources */ = {isa = PBXBuildFile; fileRef = C7B06F6F2AF067AD0042A632 /* ModelData.swift */; };
		C7B06F722AF068090042A632 /* landmarkData.json in Resources */ = {isa = PBXBuildFile; fileRef = C7B06F712AF068090042A632 /* landmarkData.json */; };
		C7BF04CA2AE3FAC9007999E9 /* LandmarksApp.swift in Sources */ = {isa = PBXBuildFile; fileRef = C7BF04C92AE3FAC9007999E9 /* LandmarksApp.swift */; };
		C7BF04CC2AE3FAC9007999E9 /* ContentView.swift in Sources */ = {isa = PBXBuildFile; fileRef = C7BF04CB2AE3FAC9007999E9 /* ContentView.swift */; };
		C7BF04CE2AE3FACF007999E9 /* Assets.xcassets in Resources */ = {isa = PBXBuildFile; fileRef = C7BF04CD2AE3FACF007999E9 /* Assets.xcassets */; };
		C7BF04D12AE3FACF007999E9 /* Preview Assets.xcassets in Resources */ = {isa = PBXBuildFile; fileRef = C7BF04D02AE3FACF007999E9 /* Preview Assets.xcassets */; };
		C7BF04DA2AE40965007999E9 /* CircleImage.swift in Sources */ = {isa = PBXBuildFile; fileRef = C7BF04D92AE40965007999E9 /* CircleImage.swift */; };
/* End PBXBuildFile section */

/* Begin PBXFileReference section */
		C705F9202AE7D2490090708A /* Landmark.swift */ = {isa = PBXFileReference; lastKnownFileType = sourcecode.swift; path = Landmark.swift; sourceTree = "<group>"; };
		C70FFA092AF104C80042AD47 /* Landmarks.app */ = {isa = PBXFileReference; explicitFileType = wrapper.application; includeInIndex = 0; path = Landmarks.app; sourceTree = BUILT_PRODUCTS_DIR; };
		C70FFA0A2AF1052F0042AD47 /* LandmarkRow.swift */ = {isa = PBXFileReference; lastKnownFileType = sourcecode.swift; path = LandmarkRow.swift; sourceTree = "<group>"; };
		C70FFA0C2AF135370042AD47 /* LandmarksList.swift */ = {isa = PBXFileReference; lastKnownFileType = sourcecode.swift; path = LandmarksList.swift; sourceTree = "<group>"; };
		C70FFA0E2AF137670042AD47 /* LandmarkDetail.swift */ = {isa = PBXFileReference; lastKnownFileType = sourcecode.swift; path = LandmarkDetail.swift; sourceTree = "<group>"; };
		C76869592AE6ACE400BAB980 /* MapView.swift */ = {isa = PBXFileReference; lastKnownFileType = sourcecode.swift; path = MapView.swift; sourceTree = "<group>"; };
		C7B06F6F2AF067AD0042A632 /* ModelData.swift */ = {isa = PBXFileReference; lastKnownFileType = sourcecode.swift; path = ModelData.swift; sourceTree = "<group>"; };
		C7B06F712AF068090042A632 /* landmarkData.json */ = {isa = PBXFileReference; fileEncoding = 4; lastKnownFileType = text.json; name = landmarkData.json; path = "../../../../Downloads/BuildingListsAndNavigation-2/Resources/landmarkData.json"; sourceTree = "<group>"; };
		C7BF04C92AE3FAC9007999E9 /* LandmarksApp.swift */ = {isa = PBXFileReference; lastKnownFileType = sourcecode.swift; path = LandmarksApp.swift; sourceTree = "<group>"; };
		C7BF04CB2AE3FAC9007999E9 /* ContentView.swift */ = {isa = PBXFileReference; lastKnownFileType = sourcecode.swift; path = ContentView.swift; sourceTree = "<group>"; };
		C7BF04CD2AE3FACF007999E9 /* Assets.xcassets */ = {isa = PBXFileReference; lastKnownFileType = folder.assetcatalog; path = Assets.xcassets; sourceTree = "<group>"; };
		C7BF04D02AE3FACF007999E9 /* Preview Assets.xcassets */ = {isa = PBXFileReference; lastKnownFileType = folder.assetcatalog; path = "Preview Assets.xcassets"; sourceTree = "<group>"; };
		C7BF04D22AE3FACF007999E9 /* Info.plist */ = {isa = PBXFileReference; lastKnownFileType = text.plist.xml; path = Info.plist; sourceTree = "<group>"; };
		C7BF04D92AE40965007999E9 /* CircleImage.swift */ = {isa = PBXFileReference; lastKnownFileType = sourcecode.swift; path = CircleImage.swift; sourceTree = "<group>"; };
/* End PBXFileReference section */

/* Begin PBXFrameworksBuildPhase section */
		C7BF04C32AE3FAC8007999E9 /* Frameworks */ = {
			isa = PBXFrameworksBuildPhase;
			buildActionMask = 2147483647;
			files = (
			);
			runOnlyForDeploymentPostprocessing = 0;
		};
/* End PBXFrameworksBuildPhase section */

/* Begin PBXGroup section */
		C7B06F6B2AF067600042A632 /* Views */ = {
			isa = PBXGroup;
			children = (
				C7BF04CB2AE3FAC9007999E9 /* ContentView.swift */,
				C7BF04D92AE40965007999E9 /* CircleImage.swift */,
				C76869592AE6ACE400BAB980 /* MapView.swift */,
				C70FFA0A2AF1052F0042AD47 /* LandmarkRow.swift */,
				C70FFA0C2AF135370042AD47 /* LandmarksList.swift */,
				C70FFA0E2AF137670042AD47 /* LandmarkDetail.swift */,
			);
			path = Views;
			sourceTree = "<group>";
		};
		C7B06F6C2AF067750042A632 /* Model */ = {
			isa = PBXGroup;
			children = (
				C705F9202AE7D2490090708A /* Landmark.swift */,
				C7B06F6F2AF067AD0042A632 /* ModelData.swift */,
			);
			path = Model;
			sourceTree = "<group>";
		};
		C7B06F6E2AF0678D0042A632 /* Resources */ = {
			isa = PBXGroup;
			children = (
				C7B06F712AF068090042A632 /* landmarkData.json */,
			);
			path = Resources;
			sourceTree = "<group>";
		};
		C7BF04BD2AE3FAC8007999E9 = {
			isa = PBXGroup;
			children = (
				C7BF04C82AE3FAC8007999E9 /* Landmarks */,
				C70FFA092AF104C80042AD47 /* Landmarks.app */,
			);
			sourceTree = "<group>";
		};
		C7BF04C82AE3FAC8007999E9 /* Landmarks */ = {
			isa = PBXGroup;
			children = (
				C7BF04C92AE3FAC9007999E9 /* LandmarksApp.swift */,
				C7B06F6B2AF067600042A632 /* Views */,
				C7B06F6C2AF067750042A632 /* Model */,
				C7B06F6E2AF0678D0042A632 /* Resources */,
				C7BF04D22AE3FACF007999E9 /* Info.plist */,
				C7BF04CD2AE3FACF007999E9 /* Assets.xcassets */,
				C7BF04CF2AE3FACF007999E9 /* Preview Content */,
			);
			path = Landmarks;
			sourceTree = "<group>";
		};
		C7BF04CF2AE3FACF007999E9 /* Preview Content */ = {
			isa = PBXGroup;
			children = (
				C7BF04D02AE3FACF007999E9 /* Preview Assets.xcassets */,
			);
			path = "Preview Content";
			sourceTree = "<group>";
		};
/* End PBXGroup section */

/* Begin PBXNativeTarget section */
		C7BF04C52AE3FAC8007999E9 /* Landmarks */ = {
			isa = PBXNativeTarget;
			buildConfigurationList = C7BF04D52AE3FACF007999E9 /* Build configuration list for PBXNativeTarget "Landmarks" */;
			buildPhases = (
				C7BF04C22AE3FAC8007999E9 /* Sources */,
				C7BF04C32AE3FAC8007999E9 /* Frameworks */,
				C7BF04C42AE3FAC8007999E9 /* Resources */,
			);
			buildRules = (
			);
			dependencies = (
			);
			name = Landmarks;
			productName = Landmarks;
			productReference = C70FFA092AF104C80042AD47 /* Landmarks.app */;
			productType = "com.apple.product-type.application";
		};
/* End PBXNativeTarget section */

/* Begin PBXProject section */
		C7BF04BE2AE3FAC8007999E9 /* Project object */ = {
			isa = PBXProject;
			attributes = {
				LastSwiftUpdateCheck = 1250;
				LastUpgradeCheck = 1250;
				TargetAttributes = {
					C7BF04C52AE3FAC8007999E9 = {
						CreatedOnToolsVersion = 12.5.1;
					};
				};
			};
			buildConfigurationList = C7BF04C12AE3FAC8007999E9 /* Build configuration list for PBXProject "Landmarks" */;
			compatibilityVersion = "Xcode 9.3";
			developmentRegion = en;
			hasScannedForEncodings = 0;
			knownRegions = (
				en,
				Base,
			);
			mainGroup = C7BF04BD2AE3FAC8007999E9;
			productRefGroup = C7BF04BD2AE3FAC8007999E9;
			projectDirPath = "";
			projectRoot = "";
			targets = (
				C7BF04C52AE3FAC8007999E9 /* Landmarks */,
			);
		};
/* End PBXProject section */

/* Begin PBXResourcesBuildPhase section */
		C7BF04C42AE3FAC8007999E9 /* Resources */ = {
			isa = PBXResourcesBuildPhase;
			buildActionMask = 2147483647;
			files = (
				C7BF04D12AE3FACF007999E9 /* Preview Assets.xcassets in Resources */,
				C7BF04CE2AE3FACF007999E9 /* Assets.xcassets in Resources */,
				C7B06F722AF068090042A632 /* landmarkData.json in Resources */,
			);
			runOnlyForDeploymentPostprocessing = 0;
		};
/* End PBXResourcesBuildPhase section */

/* Begin PBXSourcesBuildPhase section */
		C7BF04C22AE3FAC8007999E9 /* Sources */ = {
			isa = PBXSourcesBuildPhase;
			buildActionMask = 2147483647;
			files = (
				C7BF04CC2AE3FAC9007999E9 /* ContentView.swift in Sources */,
				C768695A2AE6ACE400BAB980 /* MapView.swift in Sources */,
				C705F9212AE7D2490090708A /* Landmark.swift in Sources */,
				C7BF04CA2AE3FAC9007999E9 /* LandmarksApp.swift in Sources */,
				C70FFA0F2AF137670042AD47 /* LandmarkDetail.swift in Sources */,
				C7BF04DA2AE40965007999E9 /* CircleImage.swift in Sources */,
				C70FFA0B2AF1052F0042AD47 /* LandmarkRow.swift in Sources */,
				C7B06F702AF067AD0042A632 /* ModelData.swift in Sources */,
				C70FFA0D2AF135370042AD47 /* LandmarksList.swift in Sources */,
			);
			runOnlyForDeploymentPostprocessing = 0;
		};
/* End PBXSourcesBuildPhase section */

/* Begin XCBuildConfiguration section */
		C7BF04D32AE3FACF007999E9 /* Debug */ = {
			isa = XCBuildConfiguration;
			buildSettings = {
				ALWAYS_SEARCH_USER_PATHS = NO;
				CLANG_ANALYZER_NONNULL = YES;
				CLANG_ANALYZER_NUMBER_OBJECT_CONVERSION = YES_AGGRESSIVE;
				CLANG_CXX_LANGUAGE_STANDARD = "gnu++14";
				CLANG_CXX_LIBRARY = "libc++";
				CLANG_ENABLE_MODULES = YES;
				CLANG_ENABLE_OBJC_ARC = YES;
				CLANG_ENABLE_OBJC_WEAK = YES;
				CLANG_WARN_BLOCK_CAPTURE_AUTORELEASING = YES;
				CLANG_WARN_BOOL_CONVERSION = YES;
				CLANG_WARN_COMMA = YES;
				CLANG_WARN_CONSTANT_CONVERSION = YES;
				CLANG_WARN_DEPRECATED_OBJC_IMPLEMENTATIONS = YES;
				CLANG_WARN_DIRECT_OBJC_ISA_USAGE = YES_ERROR;
				CLANG_WARN_DOCUMENTATION_COMMENTS = YES;
				CLANG_WARN_EMPTY_BODY = YES;
				CLANG_WARN_ENUM_CONVERSION = YES;
				CLANG_WARN_INFINITE_RECURSION = YES;
				CLANG_WARN_INT_CONVERSION = YES;
				CLANG_WARN_NON_LITERAL_NULL_CONVERSION = YES;
				CLANG_WARN_OBJC_IMPLICIT_RETAIN_SELF = YES;
				CLANG_WARN_OBJC_LITERAL_CONVERSION = YES;
				CLANG_WARN_OBJC_ROOT_CLASS = YES_ERROR;
				CLANG_WARN_QUOTED_INCLUDE_IN_FRAMEWORK_HEADER = YES;
				CLANG_WARN_RANGE_LOOP_ANALYSIS = YES;
				CLANG_WARN_STRICT_PROTOTYPES = YES;
				CLANG_WARN_SUSPICIOUS_MOVE = YES;
				CLANG_WARN_UNGUARDED_AVAILABILITY = YES_AGGRESSIVE;
				CLANG_WARN_UNREACHABLE_CODE = YES;
				CLANG_WARN__DUPLICATE_METHOD_MATCH = YES;
				COPY_PHASE_STRIP = NO;
				DEBUG_INFORMATION_FORMAT = dwarf;
				ENABLE_STRICT_OBJC_MSGSEND = YES;
				ENABLE_TESTABILITY = YES;
				GCC_C_LANGUAGE_STANDARD = gnu11;
				GCC_DYNAMIC_NO_PIC = NO;
				GCC_NO_COMMON_BLOCKS = YES;
				GCC_OPTIMIZATION_LEVEL = 0;
				GCC_PREPROCESSOR_DEFINITIONS = (
					"DEBUG=1",
					"$(inherited)",
				);
				GCC_WARN_64_TO_32_BIT_CONVERSION = YES;
				GCC_WARN_ABOUT_RETURN_TYPE = YES_ERROR;
				GCC_WARN_UNDECLARED_SELECTOR = YES;
				GCC_WARN_UNINITIALIZED_AUTOS = YES_AGGRESSIVE;
				GCC_WARN_UNUSED_FUNCTION = YES;
				GCC_WARN_UNUSED_VARIABLE = YES;
				IPHONEOS_DEPLOYMENT_TARGET = 14.5;
				MTL_ENABLE_DEBUG_INFO = INCLUDE_SOURCE;
				MTL_FAST_MATH = YES;
				ONLY_ACTIVE_ARCH = YES;
				SDKROOT = iphoneos;
				SWIFT_ACTIVE_COMPILATION_CONDITIONS = DEBUG;
				SWIFT_OPTIMIZATION_LEVEL = "-Onone";
			};
			name = Debug;
		};
		C7BF04D42AE3FACF007999E9 /* Release */ = {
			isa = XCBuildConfiguration;
			buildSettings = {
				ALWAYS_SEARCH_USER_PATHS = NO;
				CLANG_ANALYZER_NONNULL = YES;
				CLANG_ANALYZER_NUMBER_OBJECT_CONVERSION = YES_AGGRESSIVE;
				CLANG_CXX_LANGUAGE_STANDARD = "gnu++14";
				CLANG_CXX_LIBRARY = "libc++";
				CLANG_ENABLE_MODULES = YES;
				CLANG_ENABLE_OBJC_ARC = YES;
				CLANG_ENABLE_OBJC_WEAK = YES;
				CLANG_WARN_BLOCK_CAPTURE_AUTORELEASING = YES;
				CLANG_WARN_BOOL_CONVERSION = YES;
				CLANG_WARN_COMMA = YES;
				CLANG_WARN_CONSTANT_CONVERSION = YES;
				CLANG_WARN_DEPRECATED_OBJC_IMPLEMENTATIONS = YES;
				CLANG_WARN_DIRECT_OBJC_ISA_USAGE = YES_ERROR;
				CLANG_WARN_DOCUMENTATION_COMMENTS = YES;
				CLANG_WARN_EMPTY_BODY = YES;
				CLANG_WARN_ENUM_CONVERSION = YES;
				CLANG_WARN_INFINITE_RECURSION = YES;
				CLANG_WARN_INT_CONVERSION = YES;
				CLANG_WARN_NON_LITERAL_NULL_CONVERSION = YES;
				CLANG_WARN_OBJC_IMPLICIT_RETAIN_SELF = YES;
				CLANG_WARN_OBJC_LITERAL_CONVERSION = YES;
				CLANG_WARN_OBJC_ROOT_CLASS = YES_ERROR;
				CLANG_WARN_QUOTED_INCLUDE_IN_FRAMEWORK_HEADER = YES;
				CLANG_WARN_RANGE_LOOP_ANALYSIS = YES;
				CLANG_WARN_STRICT_PROTOTYPES = YES;
				CLANG_WARN_SUSPICIOUS_MOVE = YES;
				CLANG_WARN_UNGUARDED_AVAILABILITY = YES_AGGRESSIVE;
				CLANG_WARN_UNREACHABLE_CODE = YES;
				CLANG_WARN__DUPLICATE_METHOD_MATCH = YES;
				COPY_PHASE_STRIP = NO;
				DEBUG_INFORMATION_FORMAT = "dwarf-with-dsym";
				ENABLE_NS_ASSERTIONS = NO;
				ENABLE_STRICT_OBJC_MSGSEND = YES;
				GCC_C_LANGUAGE_STANDARD = gnu11;
				GCC_NO_COMMON_BLOCKS = YES;
				GCC_WARN_64_TO_32_BIT_CONVERSION = YES;
				GCC_WARN_ABOUT_RETURN_TYPE = YES_ERROR;
				GCC_WARN_UNDECLARED_SELECTOR = YES;
				GCC_WARN_UNINITIALIZED_AUTOS = YES_AGGRESSIVE;
				GCC_WARN_UNUSED_FUNCTION = YES;
				GCC_WARN_UNUSED_VARIABLE = YES;
				IPHONEOS_DEPLOYMENT_TARGET = 14.5;
				MTL_ENABLE_DEBUG_INFO = NO;
				MTL_FAST_MATH = YES;
				SDKROOT = iphoneos;
				SWIFT_COMPILATION_MODE = wholemodule;
				SWIFT_OPTIMIZATION_LEVEL = "-O";
				VALIDATE_PRODUCT = YES;
			};
			name = Release;
		};
		C7BF04D62AE3FACF007999E9 /* Debug */ = {
			isa = XCBuildConfiguration;
			buildSettings = {
				ASSETCATALOG_COMPILER_APPICON_NAME = AppIcon;
				ASSETCATALOG_COMPILER_GLOBAL_ACCENT_COLOR_NAME = AccentColor;
				CODE_SIGN_STYLE = Automatic;
				DEVELOPMENT_ASSET_PATHS = "\"Landmarks/Preview Content\"";
				DEVELOPMENT_TEAM = TL9P273R5U;
				ENABLE_PREVIEWS = YES;
				INFOPLIST_FILE = Landmarks/Info.plist;
				IPHONEOS_DEPLOYMENT_TARGET = 14.0;
				LD_RUNPATH_SEARCH_PATHS = (
					"$(inherited)",
					"@executable_path/Frameworks",
				);
				PRODUCT_BUNDLE_IDENTIFIER = PiotrSharai.Landmarks;
				PRODUCT_NAME = "$(TARGET_NAME)";
				SWIFT_VERSION = 5.0;
				TARGETED_DEVICE_FAMILY = "1,2";
			};
			name = Debug;
		};
		C7BF04D72AE3FACF007999E9 /* Release */ = {
			isa = XCBuildConfiguration;
			buildSettings = {
				ASSETCATALOG_COMPILER_APPICON_NAME = AppIcon;
				ASSETCATALOG_COMPILER_GLOBAL_ACCENT_COLOR_NAME = AccentColor;
				CODE_SIGN_STYLE = Automatic;
				DEVELOPMENT_ASSET_PATHS = "\"Landmarks/Preview Content\"";
				DEVELOPMENT_TEAM = TL9P273R5U;
				ENABLE_PREVIEWS = YES;
				INFOPLIST_FILE = Landmarks/Info.plist;
				IPHONEOS_DEPLOYMENT_TARGET = 14.0;
				LD_RUNPATH_SEARCH_PATHS = (
					"$(inherited)",
					"@executable_path/Frameworks",
				);
				PRODUCT_BUNDLE_IDENTIFIER = PiotrSharai.Landmarks;
				PRODUCT_NAME = "$(TARGET_NAME)";
				SWIFT_VERSION = 5.0;
				TARGETED_DEVICE_FAMILY = "1,2";
			};
			name = Release;
		};
/* End XCBuildConfiguration section */

/* Begin XCConfigurationList section */
		C7BF04C12AE3FAC8007999E9 /* Build configuration list for PBXProject "Landmarks" */ = {
			isa = XCConfigurationList;
			buildConfigurations = (
				C7BF04D32AE3FACF007999E9 /* Debug */,
				C7BF04D42AE3FACF007999E9 /* Release */,
			);
			defaultConfigurationIsVisible = 0;
			defaultConfigurationName = Release;
		};
		C7BF04D52AE3FACF007999E9 /* Build configuration list for PBXNativeTarget "Landmarks" */ = {
			isa = XCConfigurationList;
			buildConfigurations = (
				C7BF04D62AE3FACF007999E9 /* Debug */,
				C7BF04D72AE3FACF007999E9 /* Release */,
			);
			defaultConfigurationIsVisible = 0;
			defaultConfigurationName = Release;
		};
/* End XCConfigurationList section */
	};
	rootObject = C7BF04BE2AE3FAC8007999E9 /* Project object */;
}
